
Microsoft Visual Studio Solution File, Format Version 12.00
# Visual Studio Express 2012 for Windows Desktop
Project("{FAE04EC0-301F-11D3-BF4B-00C04F79EFBC}") = "Animatrix", "Animatrix\Animatrix.csproj", "{07901280-0FE2-4AA2-A3B0-A6E027C5A38A}"
EndProject
Project("{FAE04EC0-301F-11D3-BF4B-00C04F79EFBC}") = "Tester", "Tester\Tester.csproj", "{974F3440-5747-4A11-A1C0-1E0B331607C7}"
EndProject
Global
	GlobalSection(SolutionConfigurationPlatforms) = preSolution
		Debug|Any CPU = Debug|Any CPU
		Release|Any CPU = Release|Any CPU
	EndGlobalSection
	GlobalSection(ProjectConfigurationPlatforms) = postSolution
		{07901280-0FE2-4AA2-A3B0-A6E027C5A38A}.Debug|Any CPU.ActiveCfg = Debug|Any CPU
		{07901280-0FE2-4AA2-A3B0-A6E027C5A38A}.Debug|Any CPU.Build.0 = Debug|Any CPU
		{07901280-0FE2-4AA2-A3B0-A6E027C5A38A}.Release|Any CPU.ActiveCfg = Release|Any CPU
		{07901280-0FE2-4AA2-A3B0-A6E027C5A38A}.Release|Any CPU.Build.0 = Release|Any CPU
		{974F3440-5747-4A11-A1C0-1E0B331607C7}.Debug|Any CPU.ActiveCfg = Debug|Any CPU
		{974F3440-5747-4A11-A1C0-1E0B331607C7}.Debug|Any CPU.Build.0 = Debug|Any CPU
		{974F3440-5747-4A11-A1C0-1E0B331607C7}.Release|Any CPU.ActiveCfg = Release|Any CPU
		{974F3440-5747-4A11-A1C0-1E0B331607C7}.Release|Any CPU.Build.0 = Release|Any CPU
	EndGlobalSection
	GlobalSection(SolutionProperties) = preSolution
		HideSolutionNode = FALSE
	EndGlobalSection
EndGlobal
